
Microsoft Visual Studio Solution File, Format Version 12.00
# Visual Studio 15
VisualStudioVersion = 15.0.27703.2026
MinimumVisualStudioVersion = 10.0.40219.1
Project("{8BC9CEB8-8B4A-11D0-8D11-00A0C91BC942}") = "PP12.Vector2D", "PP12.Vector2D.vcxproj", "{1ABEC310-057D-495C-91AB-5CCBBB2DEC0A}"
EndProject
Global
	GlobalSection(SolutionConfigurationPlatforms) = preSolution
		Debug|x64 = Debug|x64
		Debug|x86 = Debug|x86
		Release|x64 = Release|x64
		Release|x86 = Release|x86
	EndGlobalSection
	GlobalSection(ProjectConfigurationPlatforms) = postSolution
		{1ABEC310-057D-495C-91AB-5CCBBB2DEC0A}.Debug|x64.ActiveCfg = Debug|x64
		{1ABEC310-057D-495C-91AB-5CCBBB2DEC0A}.Debug|x64.Build.0 = Debug|x64
		{1ABEC310-057D-495C-91AB-5CCBBB2DEC0A}.Debug|x86.ActiveCfg = Debug|Win32
		{1ABEC310-057D-495C-91AB-5CCBBB2DEC0A}.Debug|x86.Build.0 = Debug|Win32
		{1ABEC310-057D-495C-91AB-5CCBBB2DEC0A}.Release|x64.ActiveCfg = Release|x64
		{1ABEC310-057D-495C-91AB-5CCBBB2DEC0A}.Release|x64.Build.0 = Release|x64
		{1ABEC310-057D-495C-91AB-5CCBBB2DEC0A}.Release|x86.ActiveCfg = Release|Win32
		{1ABEC310-057D-495C-91AB-5CCBBB2DEC0A}.Release|x86.Build.0 = Release|Win32
	EndGlobalSection
	GlobalSection(SolutionProperties) = preSolution
		HideSolutionNode = FALSE
	EndGlobalSection
	GlobalSection(ExtensibilityGlobals) = postSolution
		SolutionGuid = {4C8B67C1-5E4B-42AE-AED9-9FC116578E5E}
	EndGlobalSection
EndGlobal
