
Microsoft Visual Studio Solution File, Format Version 12.00
# Visual Studio 15
VisualStudioVersion = 15.0.27703.2047
MinimumVisualStudioVersion = 10.0.40219.1
Project("{8BC9CEB8-8B4A-11D0-8D11-00A0C91BC942}") = "PP13.KInputHandler", "PP13.KInputHandler.vcxproj", "{AE49E27C-189D-4196-B0CB-9FEB9C4A0EAA}"
EndProject
Global
	GlobalSection(SolutionConfigurationPlatforms) = preSolution
		Debug|x64 = Debug|x64
		Debug|x86 = Debug|x86
		Release|x64 = Release|x64
		Release|x86 = Release|x86
	EndGlobalSection
	GlobalSection(ProjectConfigurationPlatforms) = postSolution
		{AE49E27C-189D-4196-B0CB-9FEB9C4A0EAA}.Debug|x64.ActiveCfg = Debug|x64
		{AE49E27C-189D-4196-B0CB-9FEB9C4A0EAA}.Debug|x64.Build.0 = Debug|x64
		{AE49E27C-189D-4196-B0CB-9FEB9C4A0EAA}.Debug|x86.ActiveCfg = Debug|Win32
		{AE49E27C-189D-4196-B0CB-9FEB9C4A0EAA}.Debug|x86.Build.0 = Debug|Win32
		{AE49E27C-189D-4196-B0CB-9FEB9C4A0EAA}.Release|x64.ActiveCfg = Release|x64
		{AE49E27C-189D-4196-B0CB-9FEB9C4A0EAA}.Release|x64.Build.0 = Release|x64
		{AE49E27C-189D-4196-B0CB-9FEB9C4A0EAA}.Release|x86.ActiveCfg = Release|Win32
		{AE49E27C-189D-4196-B0CB-9FEB9C4A0EAA}.Release|x86.Build.0 = Release|Win32
	EndGlobalSection
	GlobalSection(SolutionProperties) = preSolution
		HideSolutionNode = FALSE
	EndGlobalSection
	GlobalSection(ExtensibilityGlobals) = postSolution
		SolutionGuid = {4DE040D1-7091-4A5B-A4F9-5AB4C754AC60}
	EndGlobalSection
EndGlobal
