
Microsoft Visual Studio Solution File, Format Version 12.00
# Visual Studio 15
VisualStudioVersion = 15.0.27703.2047
MinimumVisualStudioVersion = 10.0.40219.1
Project("{8BC9CEB8-8B4A-11D0-8D11-00A0C91BC942}") = "PP18.PauseState", "PP18.PauseState.vcxproj", "{BBF08A1F-127D-412A-99E9-EE711D0BC58D}"
EndProject
Global
	GlobalSection(SolutionConfigurationPlatforms) = preSolution
		Debug|x64 = Debug|x64
		Debug|x86 = Debug|x86
		Release|x64 = Release|x64
		Release|x86 = Release|x86
	EndGlobalSection
	GlobalSection(ProjectConfigurationPlatforms) = postSolution
		{BBF08A1F-127D-412A-99E9-EE711D0BC58D}.Debug|x64.ActiveCfg = Debug|x64
		{BBF08A1F-127D-412A-99E9-EE711D0BC58D}.Debug|x64.Build.0 = Debug|x64
		{BBF08A1F-127D-412A-99E9-EE711D0BC58D}.Debug|x86.ActiveCfg = Debug|Win32
		{BBF08A1F-127D-412A-99E9-EE711D0BC58D}.Debug|x86.Build.0 = Debug|Win32
		{BBF08A1F-127D-412A-99E9-EE711D0BC58D}.Release|x64.ActiveCfg = Release|x64
		{BBF08A1F-127D-412A-99E9-EE711D0BC58D}.Release|x64.Build.0 = Release|x64
		{BBF08A1F-127D-412A-99E9-EE711D0BC58D}.Release|x86.ActiveCfg = Release|Win32
		{BBF08A1F-127D-412A-99E9-EE711D0BC58D}.Release|x86.Build.0 = Release|Win32
	EndGlobalSection
	GlobalSection(SolutionProperties) = preSolution
		HideSolutionNode = FALSE
	EndGlobalSection
	GlobalSection(ExtensibilityGlobals) = postSolution
		SolutionGuid = {7E934D7F-422D-4E7D-9550-306B7C81339B}
	EndGlobalSection
EndGlobal
